github.com/BurntSushi/toml v0.2.0 h1:OthAm9ZSUx4uAmn3WbPwc06nowWrByRwBsYRhbmFjBs=
github.com/BurntSushi/toml v0.2.0/go.mod h1:xHWCNGjB5oqiDr8zfno3MHue2Ht5sIBksp03qcyfWMU=
github.com/minio/blake2b-simd v0.0.0-20160723061019-3f5f724cb5b1 h1:lYpkrQH5ajf0OXOcUbGjvZxxijuBwbbmlSxLiuofa+g=
github.com/minio/blake2b-simd v0.0.0-20160723061019-3f5f724cb5b1/go.mod h1:pD8RvIylQ358TN4wwqatJ8rNavkEINozVn9DtGI3dfQ=
github.com/mitchellh/go-homedir v0.0.0-20160621174243-756f7b183b7a h1:tXwSpUBcxQxTacEYuo95jRp2z2yWubJCWjaX2Mrdylk=
github.com/mitchellh/go-homedir v0.0.0-20160621174243-756f7b183b7a/go.mod h1:SfyaCUpYCn1Vlf4IUYiD9fPX4A5wJrkLzIz1N1q0pr0=
github.com/yawning/chacha20 v0.0.0-20160430094923-c91e78db502f h1:KKLdGpFjJNCP0Xgu3Myyap5rQFH7iD40Viwt3Uuyl7c=
github.com/yawning/chacha20 v0.0.0-20160430094923-c91e78db502f/go.mod h1:u6sV+lf9gxEywRFLtrqimM4mQ2+0pifIr1QMl7ZsuPA=
golang.org/x/crypto v0.0.0-20161006174701-d172538b2cfc h1:DfGUWE6VaxsoTkTHNGspjXfDCOroOPdvTIuiYeYpC4o=
golang.org/x/crypto v0.0.0-20161006174701-d172538b2cfc/go.mod h1:6SG95UA2DQfeDnfUPMdvaQW0Q7yPrPDi9nlGo2tz2b4=
golang.org/x/sys v0.0.0-20161006025142-8d1157a43547/go.mod h1:STP8DvDyc/dI5b8T5hshtkjS+E42TnysNCUPdjciGhY=
