hash: cd94c9a799f223790b2ec67c64a31c165b576179fb83194de2fd0829f8366b92
updated: 2017-05-09T11:05:34.140243958+02:00
imports:
- name: github.com/boltdb/bolt
  version: 5cc10bbbc5c141029940133bb33c9e969512a698
- name: github.com/codegangsta/cli
  version: d70f47eeca3afd795160003bc6e28b001d60c67c
- name: github.com/go-yaml/yaml
  version: cd8b52f8269e0feb286dfeef29f8fe4d5b397e0b
- name: github.com/google/easypki
  version: d7ae2721b8268b1e2880656504f41d4ae94c902b
  subpackages:
  - pkg/certificate
  - pkg/easypki
  - pkg/store
- name: golang.org/x/sys
  version: 8f0908ab3b2457e2e15403d3697c9ef5cb4b57a9
  subpackages:
  - unix
testImports: []
