github.com/dlintw/goconf v0.0.0-20120228082610-dcc070983490 h1:I8/Qu5NTaiXi1TsEYmTeLDUlf7u9pEdbG+azjDvx8Vg=
github.com/dlintw/goconf v0.0.0-20120228082610-dcc070983490/go.mod h1:jWlUIP63OLr0cV2FGN2IEzSFsMAe58if8rk/SAE0JRE=
github.com/gorilla/context v0.0.0-20141217160251-215affda49ad h1:wJwKN6X6iRRVnjdBgrkWjhBOvYm7yw5boqXwFUnBtbE=
github.com/gorilla/context v0.0.0-20141217160251-215affda49ad/go.mod h1:kBGZzfjB9CEq2AlWe17Uuf7NDRt0dE0s8S51q0aT7Yg=
github.com/gorilla/mux v0.0.0-20150717150303-ba336c9cfb43 h1:57wH+A8tUmZebLBPMjnrsWPGLIc5VJXlaFsmqi5OFms=
github.com/gorilla/mux v0.0.0-20150717150303-ba336c9cfb43/go.mod h1:1lud6UwP+6orDFRuTfBEV8e9/aOM/c4fVVCaMa2zaAs=
github.com/gorilla/securecookie v0.0.0-20150716233244-aeade84400a8 h1:powLUcfunfzziU56pIT+NuvYRmLeQ+05RV4csYZHtuw=
github.com/gorilla/securecookie v0.0.0-20150716233244-aeade84400a8/go.mod h1:ra0sb63/xPlUeL+yeDciTfxMRAA+MP+HVt/4epWDjd4=
github.com/gorilla/websocket v1.0.1-0.20160802133203-a69d25be2fe2 h1:yIxp1mchDH00JCTdncC1gFGv5Z8B1SVy0Ov2URmttj0=
github.com/gorilla/websocket v1.0.1-0.20160802133203-a69d25be2fe2/go.mod h1:E7qHFY5m1UJ88s3WnNqhKjPHQ0heANvMoAMk2YaljkQ=
github.com/longsleep/pkac v0.0.0-20170216190044-302922ac7627 h1:1Lt125+sDIgBqTk8TYJ48lYexNK+Lss3Rbhx6UXZQ9E=
github.com/longsleep/pkac v0.0.0-20170216190044-302922ac7627/go.mod h1:ROvuh4JyjR0PysD1geAMzB2ThW/sdVYhENCF4RhF3R8=
github.com/nats-io/gnatsd v1.4.1 h1:RconcfDeWpKCD6QIIwiVFcvForlXpWeJP7i5/lDLy44=
github.com/nats-io/gnatsd v1.4.1/go.mod h1:nqco77VO78hLCJpIcVfygDP2rPGfsEHkGTUk94uh5DQ=
github.com/nats-io/nats v1.1.6 h1:dCWhg0ozPbL1CrXnoIPHjUig8CqccTctbN4wJTpZdMI=
github.com/nats-io/nats v1.1.6/go.mod h1:PpmYZwlgTfBI56QypJLfIMOfLnMRuVs+VL6r8mQ2SoQ=
github.com/nats-io/nuid v1.0.1 h1:5iA8DT8V7q8WK2EScv2padNa/rTESc1KdnPw4TC2paw=
github.com/nats-io/nuid v1.0.1/go.mod h1:19wcPz3Ph3q0Jbyiqsd0kePYG7A95tJPxeL+1OSON2c=
github.com/satori/go.uuid v1.1.0 h1:B9KXyj+GzIpJbV7gmr873NsY6zpbxNy24CBtGrk7jHo=
github.com/satori/go.uuid v1.1.0/go.mod h1:dA0hQrYB0VpLJoorglMZABFdXlWrHn1NEOzdhQKdks0=
github.com/strukturag/goacceptlanguageparser v0.0.0-20140213133123-68066e68c294 h1:8U41keMoOchSikt1At5TEQgEj2mh9ZfmnSOijaUWgJc=
github.com/strukturag/goacceptlanguageparser v0.0.0-20140213133123-68066e68c294/go.mod h1:7Lni2gMAfES8RZSGt6VOrRHC2ZDQa0xazX0d4/TQDkc=
github.com/strukturag/httputils v0.0.0-20140702013533-afbf05c71ac0 h1:U2x1aZG8ca9wWyCIK7RkHO4RdjtPxXUk4L0EfQSbf4c=
github.com/strukturag/httputils v0.0.0-20140702013533-afbf05c71ac0/go.mod h1:A5XaUrxwNx8VzSvlxjvxorp2hClKx3005Xx8R69wZ1Q=
github.com/strukturag/phoenix v0.0.0-20161005151202-8c65e1692d19 h1:epTd/P71nNACa14dWOxYLrxXWLQoVZR/TSy4CWfb6KM=
github.com/strukturag/phoenix v0.0.0-20161005151202-8c65e1692d19/go.mod h1:5kmm0WAhilO0SKh1rgJi09yvMaI3VV19lWuIWhoxUyw=
github.com/strukturag/sloth v0.9.2 h1:W0PnsaIoBLkGDt+l2WjErP3TcgOvDhUp9cUrXOU9DZ4=
github.com/strukturag/sloth v0.9.2/go.mod h1:GAwLmX7h2iAwA6kKkNNUC3sTXccyZtm0CIT/UfWdQXc=
github.com/strukturag/spreed-turnservicecli v0.0.0-20161117162408-b8e469d5ef70 h1:8rbV0mmWhFh78GhcrO4TpO4Cntl9TUGizGxOa2s0Jcw=
github.com/strukturag/spreed-turnservicecli v0.0.0-20161117162408-b8e469d5ef70/go.mod h1:W2bMHfSrHssRywtoqMTiRIfI+5AdZ2E6m+lknY1l2lo=
golang.org/x/crypto v0.0.0-20210513164829-c07d793c2f9a h1:kr2P4QFmQr29mSLA43kwrOcgcReGTfbE9N577tCTuBc=
golang.org/x/crypto v0.0.0-20210513164829-c07d793c2f9a/go.mod h1:P+XmwS30IXTQdn5tA2iutPOUgjI07+tq3H3K9MVA1s8=
golang.org/x/net v0.0.0-20210226172049-e18ecbb05110/go.mod h1:m0MpNAwzfU5UDzcl9v0D8zg8gWTRqZa9RBIspLL5mdg=
golang.org/x/sys v0.0.0-20201119102817-f84b799fce68/go.mod h1:h1NjWce9XRLGQEsW7wpKNCjG9DtNlClVuFLEZdDNbEs=
golang.org/x/sys v0.0.0-20210603125802-9665404d3644 h1:CA1DEQ4NdKphKeL70tvsWNdT5oFh1lOjihRcEDROi0I=
golang.org/x/sys v0.0.0-20210603125802-9665404d3644/go.mod h1:oPkhp1MJrh7nUepCBck5+mAzfO9JrbApNNgaTdGDITg=
golang.org/x/term v0.0.0-20201126162022-7de9c90e9dd1/go.mod h1:bj7SfCRtBDWHUb9snDiAeCFNEtKQo2Wmx5Cou7ajbmo=
golang.org/x/text v0.3.3/go.mod h1:5Zoc/QRtKVWzQhOtBMvqHzDpF6irO9z98xDceosuGiQ=
golang.org/x/tools v0.0.0-20180917221912-90fa682c2a6e/go.mod h1:n7NCudcB/nEzxVGmLbDWY5pfWTLqBcC2KZ6jyYvM4mQ=
