hash: 59a5ee787a7281392641d50037969032fe2846d5e26f34588eb6643971ded7f6
updated: 2018-04-10T21:57:44.832055721Z
imports:
- name: git.torproject.org/pluggable-transports/goptlib.git
  version: 7d56ec4f381e8b1aedfda360594e35a5731b5337
- name: golang.org/x/crypto
  version: f70185d77e8278766928032ee1355e3da47e7181
  subpackages:
  - acme
  - acme/autocert
- name: golang.org/x/net
  version: 61147c48b25b599e5b561d2e9c4f3e1ef489ca41
  subpackages:
  - http2
  - http2/hpack
  - idna
  - lex/httplex
- name: golang.org/x/text
  version: 7922cc490dd5a7dbaa7fd5d6196b49db59ac042f
  subpackages:
  - secure/bidirule
  - transform
  - unicode/bidi
  - unicode/norm
testImports: []
