hash: 06cd6a830ddf2e7724b97ec1b27ba4eccc6ea7175ccd994562dc1e13db52d957
updated: 2016-12-05T20:35:15.891564468+01:00
imports:
- name: collectd.org
  version: 9fc824c70f713ea0f058a07b49a4c563ef2a3b98
  subpackages:
  - api
  - cdtime
  - network
- name: github.com/bmizerany/pat
  version: c068ca2f0aacee5ac3681d68e4d0a003b7d1fd2c
- name: github.com/boltdb/bolt
  version: 5cc10bbbc5c141029940133bb33c9e969512a698
- name: github.com/BurntSushi/toml
  version: 99064174e013895bbd9b025c31100bd1d9b590ca
- name: github.com/davecgh/go-spew
  version: 5215b55f46b2b919f50a1df0eaa5886afe4e3b3d
- name: github.com/dgrijalva/jwt-go
  version: 63734eae1ef55eaac06fdc0f312615f2e321e273
- name: github.com/dgryski/go-bits
  version: 2ad8d707cc05b1815ce6ff2543bb5e8d8f9298ef
- name: github.com/dgryski/go-bitstream
  version: 7d46cd22db7004f0cceb6f7975824b560cf0e486
- name: github.com/gogo/protobuf
  version: 0394392b81058a7f972029451f06e528bb18ba50
  subpackages:
  - proto
- name: github.com/golang/snappy
  version: d9eb7a3d35ec988b8585d4a0068e462c27d28380
- name: github.com/influxdata/usage-client
  version: 6d3895376368aa52a3a81d2a16e90f0f52371967
  subpackages:
  - v1
- name: github.com/jwilder/encoding
  version: 4dada27c33277820fe35c7ee71ed34fbc9477d00
  subpackages:
  - simple8b
- name: github.com/kimor79/gollectd
  version: 61d0deeb4ffcc167b2a1baa8efd72365692811bc
- name: github.com/paulbellamy/ratecounter
  version: 5a11f585a31379765c190c033b6ad39956584447
- name: github.com/peterh/liner
  version: 8975875355a81d612fafb9f5a6037bdcc2d9b073
- name: github.com/rakyll/statik
  version: 274df120e9065bdd08eb1120e0375e3dc1ae8465
  subpackages:
  - fs
- name: github.com/retailnext/hllpp
  version: 38a7bb71b483e855d35010808143beaf05b67f9d
- name: golang.org/x/crypto
  version: c197bcf24cde29d3f73c7b4ac6fd41f4384e8af6
  subpackages:
  - bcrypt
  - blowfish
  - ssh/terminal
- name: golang.org/x/sys
  version: 478fcf54317e52ab69f40bb4c7a1520288d7f7ea
  subpackages:
  - unix
testImports: []
