hash: 784b5b8f5e754ef8f63a01e552ceb75767be4ecdc1735996e68c46114bcff6bf
updated: 2018-02-22T10:55:09.464159938Z
imports:
- name: git.torproject.org/pluggable-transports/goptlib.git
  version: a3ad5df6c9e7dc8117f55958b4ce99bf1e0fe291
- name: github.com/agl/ed25519
  version: 5312a61534124124185d41f09206b9fef1d88403
  subpackages:
  - edwards25519
  - extra25519
- name: github.com/dchest/siphash
  version: 4ebf1de738443ea7f45f02dc394c4df1942a126d
- name: golang.org/x/crypto
  version: dc137beb6cce2043eb6b5f223ab8bf51c32459f4
  subpackages:
  - curve25519
  - hkdf
  - nacl/secretbox
  - poly1305
  - salsa20/salsa
- name: golang.org/x/net
  version: f2499483f923065a842d38eb4c7f1927e6fc6e6d
  subpackages:
  - proxy
testImports: []
