hash: 1e6a02c40eb314944c34d47d8e13f46d7aa8dc6e8517bb2f0a57e1ff6472bbb6
updated: 2016-11-07T11:11:53.388790064+01:00
imports:
- name: github.com/aead/chacha20
  version: 7e1038a97ad08a9a16cb88ed7a6778b366ba4d99
  subpackages:
  - chacha
- name: github.com/aead/poly1305
  version: 7ab7663051fa9fa57de391f966a859e781d48b0a
- name: github.com/dsnet/compress
  version: b9aab3c6a04eef14c56384b4ad065e7b73438862
  subpackages:
  - bzip2
  - bzip2/internal/sais
  - internal
  - internal/prefix
- name: github.com/dustin/go-humanize
  version: bd88f87ad3a420f7bcf05e90566fd1ceb351fa7f
- name: github.com/flynn/go-shlex
  version: 3f9db97f856818214da2e1057f8ad84803971cff
- name: github.com/gorilla/websocket
  version: 9fbf129ff2a3cf2467f7d0021de2eb4d3aecc109
- name: github.com/hashicorp/go-syslog
  version: 315de0c1920b18b942603ffdc2229e2af4803c17
- name: github.com/hashicorp/golang-lru
  version: 0a025b7e63adc15a622f29b0b2c4c3848243bbf6
  subpackages:
  - simplelru
- name: github.com/jimstudt/http-authentication
  version: 3eca13d6893afd7ecabe15f4445f5d2872a1b012
  subpackages:
  - basic
- name: github.com/lucas-clemente/aes12
  version: 8ee5b5610baca43b60ecfad586b3c40d92a96e0c
- name: github.com/lucas-clemente/fnv128a
  version: 393af48d391698c6ae4219566bfbdfef67269997
- name: github.com/lucas-clemente/quic-go
  version: 0d6356d9d80226bbd18634d461cdc1d1a81c08bf
  subpackages:
  - ackhandler
  - congestion
  - crypto
  - flowcontrol
  - frames
  - h2quic
  - handshake
  - protocol
  - qerr
  - utils
- name: github.com/lucas-clemente/quic-go-certificates
  version: d2f86524cced5186554df90d92529757d22c1cb6
- name: github.com/mholt/archiver
  version: 4a8a092653655d29c8e091cf2ecf91cbe697f0de
- name: github.com/mholt/caddy
  version: 0cdaaba4b87da8a72c0591ee301bb50df94a6371
  subpackages:
  - caddy/caddymain
  - caddyfile
  - caddyhttp
  - caddyhttp/basicauth
  - caddyhttp/bind
  - caddyhttp/browse
  - caddyhttp/errors
  - caddyhttp/expvar
  - caddyhttp/extensions
  - caddyhttp/fastcgi
  - caddyhttp/gzip
  - caddyhttp/header
  - caddyhttp/httpserver
  - caddyhttp/internalsrv
  - caddyhttp/log
  - caddyhttp/markdown
  - caddyhttp/markdown/metadata
  - caddyhttp/markdown/summary
  - caddyhttp/maxrequestbody
  - caddyhttp/mime
  - caddyhttp/pprof
  - caddyhttp/proxy
  - caddyhttp/redirect
  - caddyhttp/rewrite
  - caddyhttp/root
  - caddyhttp/staticfiles
  - caddyhttp/status
  - caddyhttp/templates
  - caddyhttp/websocket
  - caddytls
  - startupshutdown
- name: github.com/miekg/dns
  version: 58f52c57ce9df13460ac68200cef30a008b9c468
- name: github.com/naoina/go-stringutil
  version: 6b638e95a32d0c1131db0e7fe83775cbea4a0d0b
- name: github.com/naoina/toml
  version: 751171607256bb66e64c9f0220c00662420c38e9
  subpackages:
  - ast
- name: github.com/nwaples/rardecode
  version: f94841372ddc36be531a5c3e1206238e32e93d74
- name: github.com/russross/blackfriday
  version: 93622da34e54fb6529bfb7c57e710f37a8d9cbd8
- name: github.com/shurcooL/sanitized_anchor_name
  version: 10ef21a441db47d8b13ebcc5fd2310f636973c77
- name: github.com/xenolf/lego
  version: 7615653a085a8e71beaf29911eefb2c8ad83daa6
  subpackages:
  - acme
- name: golang.org/x/crypto
  version: bc89c496413265e715159bdc8478ee9a92fdc265
  subpackages:
  - curve25519
  - hkdf
  - ocsp
- name: golang.org/x/net
  version: 57bfaa875b96fb91b4766077f34470528d4b03e9
  subpackages:
  - http2
  - http2/hpack
  - lex/httplex
  - publicsuffix
  - websocket
- name: gopkg.in/natefinch/lumberjack.v2
  version: dd45e6a67c53f673bb49ca8a001fd3a63ceb640e
- name: gopkg.in/square/go-jose.v1
  version: aa2e30fdd1fe9dd3394119af66451ae790d50e0d
  subpackages:
  - cipher
  - json
- name: gopkg.in/yaml.v2
  version: a5b47d31c556af34a302ce5d659e6fea44d90de0
testImports: []
