hash: 556e42e36a49892bd4f9b6d826ced7c93825099add910613c0007ce7be1caf5c
updated: 2018-12-16T13:51:16.459312047Z
imports:
- name: code.cloudfoundry.org/systemcerts
  version: ca00b2f806f2fa1ded784ade357bad1ea3f1fbbe
- name: github.com/flosch/pongo2
  version: 24195e6d38b06020d7a92c7b11960cf2e7cad2f2
- name: github.com/gorilla/websocket
  version: 95ba29eb981bbb27d92e1f70bf8a1949452d926b
- name: github.com/inconshreveable/mousetrap
  version: 76626ae9c91c4f2a10f34cad8ce83ea42c93bb75
- name: github.com/juju/errors
  version: 089d3ea4e4d597bd98acac068193d341983326a3
- name: github.com/lxc/lxd
  version: ae0a67076b879e32620c4e31a993f14a4a167408
  subpackages:
  - shared
  - shared/api
  - shared/cancel
  - shared/ioprogress
  - shared/logger
  - shared/osarch
- name: github.com/pkg/errors
  version: 059132a15dd08d6704c67711dae0cf35ab991756
- name: github.com/spf13/cobra
  version: d2d81d9a96e23f0255397222bb0b4e3165e492dc
- name: github.com/spf13/pflag
  version: 916c5bf2d89aff6fd3e10e7811337218dfa81cb5
- name: gopkg.in/flosch/pongo2.v3
  version: 5e81b817a0c48c1c57cdf1a9056cf76bdee02ca9
- name: gopkg.in/robfig/cron.v2
  version: be2e0b0deed5a68ffee390b4583a13aff8321535
- name: gopkg.in/yaml.v2
  version: 51d6538a90f86fe93ac480b35f37b2be17fef232
testImports:
- name: github.com/davecgh/go-spew
  version: d8f796af33cc11cb798c1aaeb27a4ebc5099927d
  subpackages:
  - spew
- name: github.com/pmezard/go-difflib
  version: 792786c7400a136282c1664665ae0a8db921c6c2
  subpackages:
  - difflib
- name: github.com/stretchr/testify
  version: 5b93e2dc01fd8fbf32aa74a198b0ebe78f6f6b6f
  subpackages:
  - assert
  - require
